
Microsoft Visual Studio Solution File, Format Version 12.00
# Visual Studio 2013
VisualStudioVersion = 12.0.40629.0
MinimumVisualStudioVersion = 10.0.40219.1
Project("{9092AA53-FB77-4645-B42D-1CCCA6BD08BD}") = "TheBoard", "TheBoard\TheBoard.njsproj", "{EFFDDCE8-74DF-47D3-A6D6-A71288FC8685}"
EndProject
Global
	GlobalSection(SolutionConfigurationPlatforms) = preSolution
		Debug|Any CPU = Debug|Any CPU
		Release|Any CPU = Release|Any CPU
	EndGlobalSection
	GlobalSection(ProjectConfigurationPlatforms) = postSolution
		{EFFDDCE8-74DF-47D3-A6D6-A71288FC8685}.Debug|Any CPU.ActiveCfg = Debug|Any CPU
		{EFFDDCE8-74DF-47D3-A6D6-A71288FC8685}.Debug|Any CPU.Build.0 = Debug|Any CPU
		{EFFDDCE8-74DF-47D3-A6D6-A71288FC8685}.Release|Any CPU.ActiveCfg = Release|Any CPU
		{EFFDDCE8-74DF-47D3-A6D6-A71288FC8685}.Release|Any CPU.Build.0 = Release|Any CPU
	EndGlobalSection
	GlobalSection(SolutionProperties) = preSolution
		HideSolutionNode = FALSE
	EndGlobalSection
EndGlobal
